// !$*UTF8*$!
{
	archiveVersion = 1;
	classes = {
	};
	objectVersion = 46;
	objects = {

/* Begin PBXBuildFile section */
		621F3DEA1AE64368000B285F /* PinFootViewTableView.m in Sources */ = {isa = PBXBuildFile; fileRef = 621F3DE91AE64368000B285F /* PinFootViewTableView.m */; };
		623AC0A11AE55709002E1CCC /* main.m in Sources */ = {isa = PBXBuildFile; fileRef = 623AC0A01AE55709002E1CCC /* main.m */; };
		623AC0A41AE55709002E1CCC /* AppDelegate.m in Sources */ = {isa = PBXBuildFile; fileRef = 623AC0A31AE55709002E1CCC /* AppDelegate.m */; };
		623AC0A71AE55709002E1CCC /* ViewController.m in Sources */ = {isa = PBXBuildFile; fileRef = 623AC0A61AE55709002E1CCC /* ViewController.m */; };
		623AC0AA1AE55709002E1CCC /* Main.storyboard in Resources */ = {isa = PBXBuildFile; fileRef = 623AC0A81AE55709002E1CCC /* Main.storyboard */; };
		623AC0AC1AE55709002E1CCC /* Images.xcassets in Resources */ = {isa = PBXBuildFile; fileRef = 623AC0AB1AE55709002E1CCC /* Images.xcassets */; };
		623AC0AF1AE55709002E1CCC /* LaunchScreen.xib in Resources */ = {isa = PBXBuildFile; fileRef = 623AC0AD1AE55709002E1CCC /* LaunchScreen.xib */; };
		623AC0BB1AE55709002E1CCC /* TestFootViewTests.m in Sources */ = {isa = PBXBuildFile; fileRef = 623AC0BA1AE55709002E1CCC /* TestFootViewTests.m */; };
/* End PBXBuildFile section */

/* Begin PBXContainerItemProxy section */
		623AC0B51AE55709002E1CCC /* PBXContainerItemProxy */ = {
			isa = PBXContainerItemProxy;
			containerPortal = 623AC0931AE55709002E1CCC /* Project object */;
			proxyType = 1;
			remoteGlobalIDString = 623AC09A1AE55709002E1CCC;
			remoteInfo = TestFootView;
		};
/* End PBXContainerItemProxy section */

/* Begin PBXFileReference section */
		621F3DE81AE64368000B285F /* PinFootViewTableView.h */ = {isa = PBXFileReference; fileEncoding = 4; lastKnownFileType = sourcecode.c.h; path = PinFootViewTableView.h; sourceTree = "<group>"; };
		621F3DE91AE64368000B285F /* PinFootViewTableView.m */ = {isa = PBXFileReference; fileEncoding = 4; lastKnownFileType = sourcecode.c.objc; path = PinFootViewTableView.m; sourceTree = "<group>"; };
		623AC09B1AE55709002E1CCC /* TestFootView.app */ = {isa = PBXFileReference; explicitFileType = wrapper.application; includeInIndex = 0; path = TestFootView.app; sourceTree = BUILT_PRODUCTS_DIR; };
		623AC09F1AE55709002E1CCC /* Info.plist */ = {isa = PBXFileReference; lastKnownFileType = text.plist.xml; path = Info.plist; sourceTree = "<group>"; };
		623AC0A01AE55709002E1CCC /* main.m */ = {isa = PBXFileReference; lastKnownFileType = sourcecode.c.objc; path = main.m; sourceTree = "<group>"; };
		623AC0A21AE55709002E1CCC /* AppDelegate.h */ = {isa = PBXFileReference; lastKnownFileType = sourcecode.c.h; path = AppDelegate.h; sourceTree = "<group>"; };
		623AC0A31AE55709002E1CCC /* AppDelegate.m */ = {isa = PBXFileReference; lastKnownFileType = sourcecode.c.objc; path = AppDelegate.m; sourceTree = "<group>"; };
		623AC0A51AE55709002E1CCC /* ViewController.h */ = {isa = PBXFileReference; lastKnownFileType = sourcecode.c.h; path = ViewController.h; sourceTree = "<group>"; };
		623AC0A61AE55709002E1CCC /* ViewController.m */ = {isa = PBXFileReference; lastKnownFileType = sourcecode.c.objc; path = ViewController.m; sourceTree = "<group>"; };
		623AC0A91AE55709002E1CCC /* Base */ = {isa = PBXFileReference; lastKnownFileType = file.storyboard; name = Base; path = Base.lproj/Main.storyboard; sourceTree = "<group>"; };
		623AC0AB1AE55709002E1CCC /* Images.xcassets */ = {isa = PBXFileReference; lastKnownFileType = folder.assetcatalog; path = Images.xcassets; sourceTree = "<group>"; };
		623AC0AE1AE55709002E1CCC /* Base */ = {isa = PBXFileReference; lastKnownFileType = file.xib; name = Base; path = Base.lproj/LaunchScreen.xib; sourceTree = "<group>"; };
		623AC0B41AE55709002E1CCC /* TestFootViewTests.xctest */ = {isa = PBXFileReference; explicitFileType = wrapper.cfbundle; includeInIndex = 0; path = TestFootViewTests.xctest; sourceTree = BUILT_PRODUCTS_DIR; };
		623AC0B91AE55709002E1CCC /* Info.plist */ = {isa = PBXFileReference; lastKnownFileType = text.plist.xml; path = Info.plist; sourceTree = "<group>"; };
		623AC0BA1AE55709002E1CCC /* TestFootViewTests.m */ = {isa = PBXFileReference; lastKnownFileType = sourcecode.c.objc; path = TestFootViewTests.m; sourceTree = "<group>"; };
/* End PBXFileReference section */

/* Begin PBXFrameworksBuildPhase section */
		623AC0981AE55709002E1CCC /* Frameworks */ = {
			isa = PBXFrameworksBuildPhase;
			buildActionMask = 2147483647;
			files = (
			);
			runOnlyForDeploymentPostprocessing = 0;
		};
		623AC0B11AE55709002E1CCC /* Frameworks */ = {
			isa = PBXFrameworksBuildPhase;
			buildActionMask = 2147483647;
			files = (
			);
			runOnlyForDeploymentPostprocessing = 0;
		};
/* End PBXFrameworksBuildPhase section */

/* Begin PBXGroup section */
		623AC0921AE55709002E1CCC = {
			isa = PBXGroup;
			children = (
				623AC09D1AE55709002E1CCC /* TestFootView */,
				623AC0B71AE55709002E1CCC /* TestFootViewTests */,
				623AC09C1AE55709002E1CCC /* Products */,
			);
			sourceTree = "<group>";
		};
		623AC09C1AE55709002E1CCC /* Products */ = {
			isa = PBXGroup;
			children = (
				623AC09B1AE55709002E1CCC /* TestFootView.app */,
				623AC0B41AE55709002E1CCC /* TestFootViewTests.xctest */,
			);
			name = Products;
			sourceTree = "<group>";
		};
		623AC09D1AE55709002E1CCC /* TestFootView */ = {
			isa = PBXGroup;
			children = (
				623AC0A21AE55709002E1CCC /* AppDelegate.h */,
				623AC0A31AE55709002E1CCC /* AppDelegate.m */,
				623AC0A51AE55709002E1CCC /* ViewController.h */,
				623AC0A61AE55709002E1CCC /* ViewController.m */,
				623AC0A81AE55709002E1CCC /* Main.storyboard */,
				623AC0AB1AE55709002E1CCC /* Images.xcassets */,
				623AC0AD1AE55709002E1CCC /* LaunchScreen.xib */,
				623AC09E1AE55709002E1CCC /* Supporting Files */,
				621F3DE81AE64368000B285F /* PinFootViewTableView.h */,
				621F3DE91AE64368000B285F /* PinFootViewTableView.m */,
			);
			path = TestFootView;
			sourceTree = "<group>";
		};
		623AC09E1AE55709002E1CCC /* Supporting Files */ = {
			isa = PBXGroup;
			children = (
				623AC09F1AE55709002E1CCC /* Info.plist */,
				623AC0A01AE55709002E1CCC /* main.m */,
			);
			name = "Supporting Files";
			sourceTree = "<group>";
		};
		623AC0B71AE55709002E1CCC /* TestFootViewTests */ = {
			isa = PBXGroup;
			children = (
				623AC0BA1AE55709002E1CCC /* TestFootViewTests.m */,
				623AC0B81AE55709002E1CCC /* Supporting Files */,
			);
			path = TestFootViewTests;
			sourceTree = "<group>";
		};
		623AC0B81AE55709002E1CCC /* Supporting Files */ = {
			isa = PBXGroup;
			children = (
				623AC0B91AE55709002E1CCC /* Info.plist */,
			);
			name = "Supporting Files";
			sourceTree = "<group>";
		};
/* End PBXGroup section */

/* Begin PBXNativeTarget section */
		623AC09A1AE55709002E1CCC /* TestFootView */ = {
			isa = PBXNativeTarget;
			buildConfigurationList = 623AC0BE1AE55709002E1CCC /* Build configuration list for PBXNativeTarget "TestFootView" */;
			buildPhases = (
				623AC0971AE55709002E1CCC /* Sources */,
				623AC0981AE55709002E1CCC /* Frameworks */,
				623AC0991AE55709002E1CCC /* Resources */,
			);
			buildRules = (
			);
			dependencies = (
			);
			name = TestFootView;
			productName = TestFootView;
			productReference = 623AC09B1AE55709002E1CCC /* TestFootView.app */;
			productType = "com.apple.product-type.application";
		};
		623AC0B31AE55709002E1CCC /* TestFootViewTests */ = {
			isa = PBXNativeTarget;
			buildConfigurationList = 623AC0C11AE55709002E1CCC /* Build configuration list for PBXNativeTarget "TestFootViewTests" */;
			buildPhases = (
				623AC0B01AE55709002E1CCC /* Sources */,
				623AC0B11AE55709002E1CCC /* Frameworks */,
				623AC0B21AE55709002E1CCC /* Resources */,
			);
			buildRules = (
			);
			dependencies = (
				623AC0B61AE55709002E1CCC /* PBXTargetDependency */,
			);
			name = TestFootViewTests;
			productName = TestFootViewTests;
			productReference = 623AC0B41AE55709002E1CCC /* TestFootViewTests.xctest */;
			productType = "com.apple.product-type.bundle.unit-test";
		};
/* End PBXNativeTarget section */

/* Begin PBXProject section */
		623AC0931AE55709002E1CCC /* Project object */ = {
			isa = PBXProject;
			attributes = {
				LastUpgradeCheck = 0620;
				ORGANIZATIONNAME = "Xinqi Chan";
				TargetAttributes = {
					623AC09A1AE55709002E1CCC = {
						CreatedOnToolsVersion = 6.2;
					};
					623AC0B31AE55709002E1CCC = {
						CreatedOnToolsVersion = 6.2;
						TestTargetID = 623AC09A1AE55709002E1CCC;
					};
				};
			};
			buildConfigurationList = 623AC0961AE55709002E1CCC /* Build configuration list for PBXProject "TestFootView" */;
			compatibilityVersion = "Xcode 3.2";
			developmentRegion = English;
			hasScannedForEncodings = 0;
			knownRegions = (
				en,
				Base,
			);
			mainGroup = 623AC0921AE55709002E1CCC;
			productRefGroup = 623AC09C1AE55709002E1CCC /* Products */;
			projectDirPath = "";
			projectRoot = "";
			targets = (
				623AC09A1AE55709002E1CCC /* TestFootView */,
				623AC0B31AE55709002E1CCC /* TestFootViewTests */,
			);
		};
/* End PBXProject section */

/* Begin PBXResourcesBuildPhase section */
		623AC0991AE55709002E1CCC /* Resources */ = {
			isa = PBXResourcesBuildPhase;
			buildActionMask = 2147483647;
			files = (
				623AC0AA1AE55709002E1CCC /* Main.storyboard in Resources */,
				623AC0AF1AE55709002E1CCC /* LaunchScreen.xib in Resources */,
				623AC0AC1AE55709002E1CCC /* Images.xcassets in Resources */,
			);
			runOnlyForDeploymentPostprocessing = 0;
		};
		623AC0B21AE55709002E1CCC /* Resources */ = {
			isa = PBXResourcesBuildPhase;
			buildActionMask = 2147483647;
			files = (
			);
			runOnlyForDeploymentPostprocessing = 0;
		};
/* End PBXResourcesBuildPhase section */

/* Begin PBXSourcesBuildPhase section */
		623AC0971AE55709002E1CCC /* Sources */ = {
			isa = PBXSourcesBuildPhase;
			buildActionMask = 2147483647;
			files = (
				623AC0A71AE55709002E1CCC /* ViewController.m in Sources */,
				623AC0A41AE55709002E1CCC /* AppDelegate.m in Sources */,
				621F3DEA1AE64368000B285F /* PinFootViewTableView.m in Sources */,
				623AC0A11AE55709002E1CCC /* main.m in Sources */,
			);
			runOnlyForDeploymentPostprocessing = 0;
		};
		623AC0B01AE55709002E1CCC /* Sources */ = {
			isa = PBXSourcesBuildPhase;
			buildActionMask = 2147483647;
			files = (
				623AC0BB1AE55709002E1CCC /* TestFootViewTests.m in Sources */,
			);
			runOnlyForDeploymentPostprocessing = 0;
		};
/* End PBXSourcesBuildPhase section */

/* Begin PBXTargetDependency section */
		623AC0B61AE55709002E1CCC /* PBXTargetDependency */ = {
			isa = PBXTargetDependency;
			target = 623AC09A1AE55709002E1CCC /* TestFootView */;
			targetProxy = 623AC0B51AE55709002E1CCC /* PBXContainerItemProxy */;
		};
/* End PBXTargetDependency section */

/* Begin PBXVariantGroup section */
		623AC0A81AE55709002E1CCC /* Main.storyboard */ = {
			isa = PBXVariantGroup;
			children = (
				623AC0A91AE55709002E1CCC /* Base */,
			);
			name = Main.storyboard;
			sourceTree = "<group>";
		};
		623AC0AD1AE55709002E1CCC /* LaunchScreen.xib */ = {
			isa = PBXVariantGroup;
			children = (
				623AC0AE1AE55709002E1CCC /* Base */,
			);
			name = LaunchScreen.xib;
			sourceTree = "<group>";
		};
/* End PBXVariantGroup section */

/* Begin XCBuildConfiguration section */
		623AC0BC1AE55709002E1CCC /* Debug */ = {
			isa = XCBuildConfiguration;
			buildSettings = {
				ALWAYS_SEARCH_USER_PATHS = NO;
				CLANG_CXX_LANGUAGE_STANDARD = "gnu++0x";
				CLANG_CXX_LIBRARY = "libc++";
				CLANG_ENABLE_MODULES = YES;
				CLANG_ENABLE_OBJC_ARC = YES;
				CLANG_WARN_BOOL_CONVERSION = YES;
				CLANG_WARN_CONSTANT_CONVERSION = YES;
				CLANG_WARN_DIRECT_OBJC_ISA_USAGE = YES_ERROR;
				CLANG_WARN_EMPTY_BODY = YES;
				CLANG_WARN_ENUM_CONVERSION = YES;
				CLANG_WARN_INT_CONVERSION = YES;
				CLANG_WARN_OBJC_ROOT_CLASS = YES_ERROR;
				CLANG_WARN_UNREACHABLE_CODE = YES;
				CLANG_WARN__DUPLICATE_METHOD_MATCH = YES;
				"CODE_SIGN_IDENTITY[sdk=iphoneos*]" = "iPhone Developer";
				COPY_PHASE_STRIP = NO;
				ENABLE_STRICT_OBJC_MSGSEND = YES;
				GCC_C_LANGUAGE_STANDARD = gnu99;
				GCC_DYNAMIC_NO_PIC = NO;
				GCC_OPTIMIZATION_LEVEL = 0;
				GCC_PREPROCESSOR_DEFINITIONS = (
					"DEBUG=1",
					"$(inherited)",
				);
				GCC_SYMBOLS_PRIVATE_EXTERN = NO;
				GCC_WARN_64_TO_32_BIT_CONVERSION = YES;
				GCC_WARN_ABOUT_RETURN_TYPE = YES_ERROR;
				GCC_WARN_UNDECLARED_SELECTOR = YES;
				GCC_WARN_UNINITIALIZED_AUTOS = YES_AGGRESSIVE;
				GCC_WARN_UNUSED_FUNCTION = YES;
				GCC_WARN_UNUSED_VARIABLE = YES;
				IPHONEOS_DEPLOYMENT_TARGET = 8.2;
				MTL_ENABLE_DEBUG_INFO = YES;
				ONLY_ACTIVE_ARCH = YES;
				SDKROOT = iphoneos;
			};
			name = Debug;
		};
		623AC0BD1AE55709002E1CCC /* Release */ = {
			isa = XCBuildConfiguration;
			buildSettings = {
				ALWAYS_SEARCH_USER_PATHS = NO;
				CLANG_CXX_LANGUAGE_STANDARD = "gnu++0x";
				CLANG_CXX_LIBRARY = "libc++";
				CLANG_ENABLE_MODULES = YES;
				CLANG_ENABLE_OBJC_ARC = YES;
				CLANG_WARN_BOOL_CONVERSION = YES;
				CLANG_WARN_CONSTANT_CONVERSION = YES;
				CLANG_WARN_DIRECT_OBJC_ISA_USAGE = YES_ERROR;
				CLANG_WARN_EMPTY_BODY = YES;
				CLANG_WARN_ENUM_CONVERSION = YES;
				CLANG_WARN_INT_CONVERSION = YES;
				CLANG_WARN_OBJC_ROOT_CLASS = YES_ERROR;
				CLANG_WARN_UNREACHABLE_CODE = YES;
				CLANG_WARN__DUPLICATE_METHOD_MATCH = YES;
				"CODE_SIGN_IDENTITY[sdk=iphoneos*]" = "iPhone Developer";
				COPY_PHASE_STRIP = NO;
				ENABLE_NS_ASSERTIONS = NO;
				ENABLE_STRICT_OBJC_MSGSEND = YES;
				GCC_C_LANGUAGE_STANDARD = gnu99;
				GCC_WARN_64_TO_32_BIT_CONVERSION = YES;
				GCC_WARN_ABOUT_RETURN_TYPE = YES_ERROR;
				GCC_WARN_UNDECLARED_SELECTOR = YES;
				GCC_WARN_UNINITIALIZED_AUTOS = YES_AGGRESSIVE;
				GCC_WARN_UNUSED_FUNCTION = YES;
				GCC_WARN_UNUSED_VARIABLE = YES;
				IPHONEOS_DEPLOYMENT_TARGET = 8.2;
				MTL_ENABLE_DEBUG_INFO = NO;
				SDKROOT = iphoneos;
				VALIDATE_PRODUCT = YES;
			};
			name = Release;
		};
		623AC0BF1AE55709002E1CCC /* Debug */ = {
			isa = XCBuildConfiguration;
			buildSettings = {
				ASSETCATALOG_COMPILER_APPICON_NAME = AppIcon;
				INFOPLIST_FILE = TestFootView/Info.plist;
				LD_RUNPATH_SEARCH_PATHS = "$(inherited) @executable_path/Frameworks";
				PRODUCT_NAME = "$(TARGET_NAME)";
			};
			name = Debug;
		};
		623AC0C01AE55709002E1CCC /* Release */ = {
			isa = XCBuildConfiguration;
			buildSettings = {
				ASSETCATALOG_COMPILER_APPICON_NAME = AppIcon;
				INFOPLIST_FILE = TestFootView/Info.plist;
				LD_RUNPATH_SEARCH_PATHS = "$(inherited) @executable_path/Frameworks";
				PRODUCT_NAME = "$(TARGET_NAME)";
			};
			name = Release;
		};
		623AC0C21AE55709002E1CCC /* Debug */ = {
			isa = XCBuildConfiguration;
			buildSettings = {
				BUNDLE_LOADER = "$(TEST_HOST)";
				FRAMEWORK_SEARCH_PATHS = (
					"$(SDKROOT)/Developer/Library/Frameworks",
					"$(inherited)",
				);
				GCC_PREPROCESSOR_DEFINITIONS = (
					"DEBUG=1",
					"$(inherited)",
				);
				INFOPLIST_FILE = TestFootViewTests/Info.plist;
				LD_RUNPATH_SEARCH_PATHS = "$(inherited) @executable_path/Frameworks @loader_path/Frameworks";
				PRODUCT_NAME = "$(TARGET_NAME)";
				TEST_HOST = "$(BUILT_PRODUCTS_DIR)/TestFootView.app/TestFootView";
			};
			name = Debug;
		};
		623AC0C31AE55709002E1CCC /* Release */ = {
			isa = XCBuildConfiguration;
			buildSettings = {
				BUNDLE_LOADER = "$(TEST_HOST)";
				FRAMEWORK_SEARCH_PATHS = (
					"$(SDKROOT)/Developer/Library/Frameworks",
					"$(inherited)",
				);
				INFOPLIST_FILE = TestFootViewTests/Info.plist;
				LD_RUNPATH_SEARCH_PATHS = "$(inherited) @executable_path/Frameworks @loader_path/Frameworks";
				PRODUCT_NAME = "$(TARGET_NAME)";
				TEST_HOST = "$(BUILT_PRODUCTS_DIR)/TestFootView.app/TestFootView";
			};
			name = Release;
		};
/* End XCBuildConfiguration section */

/* Begin XCConfigurationList section */
		623AC0961AE55709002E1CCC /* Build configuration list for PBXProject "TestFootView" */ = {
			isa = XCConfigurationList;
			buildConfigurations = (
				623AC0BC1AE55709002E1CCC /* Debug */,
				623AC0BD1AE55709002E1CCC /* Release */,
			);
			defaultConfigurationIsVisible = 0;
			defaultConfigurationName = Release;
		};
		623AC0BE1AE55709002E1CCC /* Build configuration list for PBXNativeTarget "TestFootView" */ = {
			isa = XCConfigurationList;
			buildConfigurations = (
				623AC0BF1AE55709002E1CCC /* Debug */,
				623AC0C01AE55709002E1CCC /* Release */,
			);
			defaultConfigurationIsVisible = 0;
			defaultConfigurationName = Release;
		};
		623AC0C11AE55709002E1CCC /* Build configuration list for PBXNativeTarget "TestFootViewTests" */ = {
			isa = XCConfigurationList;
			buildConfigurations = (
				623AC0C21AE55709002E1CCC /* Debug */,
				623AC0C31AE55709002E1CCC /* Release */,
			);
			defaultConfigurationIsVisible = 0;
			defaultConfigurationName = Release;
		};
/* End XCConfigurationList section */
	};
	rootObject = 623AC0931AE55709002E1CCC /* Project object */;
}
